
Microsoft Visual Studio Solution File, Format Version 12.00
# Visual Studio Version 17
VisualStudioVersion = 17.1.32210.238
MinimumVisualStudioVersion = 10.0.40219.1
Project("{2150E333-8FDC-42A3-9474-1A3956D46DE8}") = "src", "src", "{4117680E-C274-4C6C-BD80-0C010B0F43AB}"
EndProject
Project("{2150E333-8FDC-42A3-9474-1A3956D46DE8}") = "lib", "lib", "{3714D544-77FB-461C-920E-83AFCBBE1F7A}"
EndProject
Project("{9A19103F-16F7-4668-BE54-9A1E7A4F7556}") = "Auth", "lib\Auth\Auth.csproj", "{33751B5F-0CB9-40B1-AFE7-C89FDB901EBC}"
EndProject
Project("{9A19103F-16F7-4668-BE54-9A1E7A4F7556}") = "Common", "lib\Common\Common.csproj", "{64427B14-4D12-44E2-B427-86949029F14D}"
EndProject
Project("{9A19103F-16F7-4668-BE54-9A1E7A4F7556}") = "DateTimeExtensions", "lib\DateTimeExtensions\DateTimeExtensions.csproj", "{18E194B7-53A4-4E0A-8833-6C1EE75FBBC8}"
EndProject
Project("{9A19103F-16F7-4668-BE54-9A1E7A4F7556}") = "ErrorHandling", "lib\ErrorHandling\ErrorHandling.csproj", "{6E787BF1-583B-4FF4-8E74-547EBCD82088}"
EndProject
Project("{9A19103F-16F7-4668-BE54-9A1E7A4F7556}") = "PagingExtensions", "lib\PagingExtensions\PagingExtensions.csproj", "{AFAF2AF5-BA51-4B24-909F-091ED1944BBA}"
EndProject
Project("{9A19103F-16F7-4668-BE54-9A1E7A4F7556}") = "RequestLogging", "lib\RequestLogging\RequestLogging.csproj", "{03B6A88A-7ADE-4329-830F-A3E9969E9D07}"
EndProject
Project("{2150E333-8FDC-42A3-9474-1A3956D46DE8}") = "Databases", "Databases", "{5C3C2F22-C51E-4625-BDBD-0E43AC559C2A}"
EndProject
Project("{9A19103F-16F7-4668-BE54-9A1E7A4F7556}") = "Database.Models", "src\Databases\Database.Models\Database.Models.csproj", "{03875B45-9BBD-4A11-BF9C-B5F0CEAB8517}"
EndProject
Project("{2150E333-8FDC-42A3-9474-1A3956D46DE8}") = "Services", "Services", "{36F981AE-A863-4FCA-9281-9BC2044810BF}"
EndProject
Project("{2150E333-8FDC-42A3-9474-1A3956D46DE8}") = "BookRent", "BookRent", "{CAA6049F-4460-49E7-B3FB-6E3D3FACC87D}"
EndProject
Project("{9A19103F-16F7-4668-BE54-9A1E7A4F7556}") = "BookRent.API", "src\Services\BookRent\BookRent.API\BookRent.API.csproj", "{65AB0341-A5AA-4DFF-9075-0F9D9F6B0717}"
EndProject
Project("{9A19103F-16F7-4668-BE54-9A1E7A4F7556}") = "Base.DTOs", "src\Services\Base.DTOs\Base.DTOs.csproj", "{6B41BC80-C0F2-4886-BC29-BDC70E445341}"
EndProject
Project("{9A19103F-16F7-4668-BE54-9A1E7A4F7556}") = "BookRent.Services", "src\Services\BookRent\BookRent.Services\BookRent.Services.csproj", "{1E570FE2-4EBF-465C-BC85-C0257BE8563C}"
EndProject
Project("{9A19103F-16F7-4668-BE54-9A1E7A4F7556}") = "BookRent.DTOs", "src\Services\BookRent\BookRent.DTOs\BookRent.DTOs.csproj", "{B2E07ED0-1E7B-4D35-B2E7-797440D22F4B}"
EndProject
Project("{9A19103F-16F7-4668-BE54-9A1E7A4F7556}") = "Hangfire.Helper", "lib\Hangfire.Helper\Hangfire.Helper.csproj", "{7EF4E547-C0A0-46F9-840C-6D47BAC27F1B}"
EndProject
Global
	GlobalSection(SolutionConfigurationPlatforms) = preSolution
		Debug|Any CPU = Debug|Any CPU
		Release|Any CPU = Release|Any CPU
	EndGlobalSection
	GlobalSection(ProjectConfigurationPlatforms) = postSolution
		{33751B5F-0CB9-40B1-AFE7-C89FDB901EBC}.Debug|Any CPU.ActiveCfg = Debug|Any CPU
		{33751B5F-0CB9-40B1-AFE7-C89FDB901EBC}.Debug|Any CPU.Build.0 = Debug|Any CPU
		{33751B5F-0CB9-40B1-AFE7-C89FDB901EBC}.Release|Any CPU.ActiveCfg = Release|Any CPU
		{33751B5F-0CB9-40B1-AFE7-C89FDB901EBC}.Release|Any CPU.Build.0 = Release|Any CPU
		{64427B14-4D12-44E2-B427-86949029F14D}.Debug|Any CPU.ActiveCfg = Debug|Any CPU
		{64427B14-4D12-44E2-B427-86949029F14D}.Debug|Any CPU.Build.0 = Debug|Any CPU
		{64427B14-4D12-44E2-B427-86949029F14D}.Release|Any CPU.ActiveCfg = Release|Any CPU
		{64427B14-4D12-44E2-B427-86949029F14D}.Release|Any CPU.Build.0 = Release|Any CPU
		{18E194B7-53A4-4E0A-8833-6C1EE75FBBC8}.Debug|Any CPU.ActiveCfg = Debug|Any CPU
		{18E194B7-53A4-4E0A-8833-6C1EE75FBBC8}.Debug|Any CPU.Build.0 = Debug|Any CPU
		{18E194B7-53A4-4E0A-8833-6C1EE75FBBC8}.Release|Any CPU.ActiveCfg = Release|Any CPU
		{18E194B7-53A4-4E0A-8833-6C1EE75FBBC8}.Release|Any CPU.Build.0 = Release|Any CPU
		{6E787BF1-583B-4FF4-8E74-547EBCD82088}.Debug|Any CPU.ActiveCfg = Debug|Any CPU
		{6E787BF1-583B-4FF4-8E74-547EBCD82088}.Debug|Any CPU.Build.0 = Debug|Any CPU
		{6E787BF1-583B-4FF4-8E74-547EBCD82088}.Release|Any CPU.ActiveCfg = Release|Any CPU
		{6E787BF1-583B-4FF4-8E74-547EBCD82088}.Release|Any CPU.Build.0 = Release|Any CPU
		{AFAF2AF5-BA51-4B24-909F-091ED1944BBA}.Debug|Any CPU.ActiveCfg = Debug|Any CPU
		{AFAF2AF5-BA51-4B24-909F-091ED1944BBA}.Debug|Any CPU.Build.0 = Debug|Any CPU
		{AFAF2AF5-BA51-4B24-909F-091ED1944BBA}.Release|Any CPU.ActiveCfg = Release|Any CPU
		{AFAF2AF5-BA51-4B24-909F-091ED1944BBA}.Release|Any CPU.Build.0 = Release|Any CPU
		{03B6A88A-7ADE-4329-830F-A3E9969E9D07}.Debug|Any CPU.ActiveCfg = Debug|Any CPU
		{03B6A88A-7ADE-4329-830F-A3E9969E9D07}.Debug|Any CPU.Build.0 = Debug|Any CPU
		{03B6A88A-7ADE-4329-830F-A3E9969E9D07}.Release|Any CPU.ActiveCfg = Release|Any CPU
		{03B6A88A-7ADE-4329-830F-A3E9969E9D07}.Release|Any CPU.Build.0 = Release|Any CPU
		{03875B45-9BBD-4A11-BF9C-B5F0CEAB8517}.Debug|Any CPU.ActiveCfg = Debug|Any CPU
		{03875B45-9BBD-4A11-BF9C-B5F0CEAB8517}.Debug|Any CPU.Build.0 = Debug|Any CPU
		{03875B45-9BBD-4A11-BF9C-B5F0CEAB8517}.Release|Any CPU.ActiveCfg = Release|Any CPU
		{03875B45-9BBD-4A11-BF9C-B5F0CEAB8517}.Release|Any CPU.Build.0 = Release|Any CPU
		{65AB0341-A5AA-4DFF-9075-0F9D9F6B0717}.Debug|Any CPU.ActiveCfg = Debug|Any CPU
		{65AB0341-A5AA-4DFF-9075-0F9D9F6B0717}.Debug|Any CPU.Build.0 = Debug|Any CPU
		{65AB0341-A5AA-4DFF-9075-0F9D9F6B0717}.Release|Any CPU.ActiveCfg = Release|Any CPU
		{65AB0341-A5AA-4DFF-9075-0F9D9F6B0717}.Release|Any CPU.Build.0 = Release|Any CPU
		{6B41BC80-C0F2-4886-BC29-BDC70E445341}.Debug|Any CPU.ActiveCfg = Debug|Any CPU
		{6B41BC80-C0F2-4886-BC29-BDC70E445341}.Debug|Any CPU.Build.0 = Debug|Any CPU
		{6B41BC80-C0F2-4886-BC29-BDC70E445341}.Release|Any CPU.ActiveCfg = Release|Any CPU
		{6B41BC80-C0F2-4886-BC29-BDC70E445341}.Release|Any CPU.Build.0 = Release|Any CPU
		{1E570FE2-4EBF-465C-BC85-C0257BE8563C}.Debug|Any CPU.ActiveCfg = Debug|Any CPU
		{1E570FE2-4EBF-465C-BC85-C0257BE8563C}.Debug|Any CPU.Build.0 = Debug|Any CPU
		{1E570FE2-4EBF-465C-BC85-C0257BE8563C}.Release|Any CPU.ActiveCfg = Release|Any CPU
		{1E570FE2-4EBF-465C-BC85-C0257BE8563C}.Release|Any CPU.Build.0 = Release|Any CPU
		{B2E07ED0-1E7B-4D35-B2E7-797440D22F4B}.Debug|Any CPU.ActiveCfg = Debug|Any CPU
		{B2E07ED0-1E7B-4D35-B2E7-797440D22F4B}.Debug|Any CPU.Build.0 = Debug|Any CPU
		{B2E07ED0-1E7B-4D35-B2E7-797440D22F4B}.Release|Any CPU.ActiveCfg = Release|Any CPU
		{B2E07ED0-1E7B-4D35-B2E7-797440D22F4B}.Release|Any CPU.Build.0 = Release|Any CPU
		{7EF4E547-C0A0-46F9-840C-6D47BAC27F1B}.Debug|Any CPU.ActiveCfg = Debug|Any CPU
		{7EF4E547-C0A0-46F9-840C-6D47BAC27F1B}.Debug|Any CPU.Build.0 = Debug|Any CPU
		{7EF4E547-C0A0-46F9-840C-6D47BAC27F1B}.Release|Any CPU.ActiveCfg = Release|Any CPU
		{7EF4E547-C0A0-46F9-840C-6D47BAC27F1B}.Release|Any CPU.Build.0 = Release|Any CPU
	EndGlobalSection
	GlobalSection(SolutionProperties) = preSolution
		HideSolutionNode = FALSE
	EndGlobalSection
	GlobalSection(NestedProjects) = preSolution
		{33751B5F-0CB9-40B1-AFE7-C89FDB901EBC} = {3714D544-77FB-461C-920E-83AFCBBE1F7A}
		{64427B14-4D12-44E2-B427-86949029F14D} = {3714D544-77FB-461C-920E-83AFCBBE1F7A}
		{18E194B7-53A4-4E0A-8833-6C1EE75FBBC8} = {3714D544-77FB-461C-920E-83AFCBBE1F7A}
		{6E787BF1-583B-4FF4-8E74-547EBCD82088} = {3714D544-77FB-461C-920E-83AFCBBE1F7A}
		{AFAF2AF5-BA51-4B24-909F-091ED1944BBA} = {3714D544-77FB-461C-920E-83AFCBBE1F7A}
		{03B6A88A-7ADE-4329-830F-A3E9969E9D07} = {3714D544-77FB-461C-920E-83AFCBBE1F7A}
		{5C3C2F22-C51E-4625-BDBD-0E43AC559C2A} = {4117680E-C274-4C6C-BD80-0C010B0F43AB}
		{03875B45-9BBD-4A11-BF9C-B5F0CEAB8517} = {5C3C2F22-C51E-4625-BDBD-0E43AC559C2A}
		{36F981AE-A863-4FCA-9281-9BC2044810BF} = {4117680E-C274-4C6C-BD80-0C010B0F43AB}
		{CAA6049F-4460-49E7-B3FB-6E3D3FACC87D} = {36F981AE-A863-4FCA-9281-9BC2044810BF}
		{65AB0341-A5AA-4DFF-9075-0F9D9F6B0717} = {CAA6049F-4460-49E7-B3FB-6E3D3FACC87D}
		{6B41BC80-C0F2-4886-BC29-BDC70E445341} = {36F981AE-A863-4FCA-9281-9BC2044810BF}
		{1E570FE2-4EBF-465C-BC85-C0257BE8563C} = {CAA6049F-4460-49E7-B3FB-6E3D3FACC87D}
		{B2E07ED0-1E7B-4D35-B2E7-797440D22F4B} = {CAA6049F-4460-49E7-B3FB-6E3D3FACC87D}
		{7EF4E547-C0A0-46F9-840C-6D47BAC27F1B} = {3714D544-77FB-461C-920E-83AFCBBE1F7A}
	EndGlobalSection
	GlobalSection(ExtensibilityGlobals) = postSolution
		SolutionGuid = {886CA9C7-7920-4D80-B2B9-77BDE6CD3F5D}
	EndGlobalSection
EndGlobal
